
Microsoft Visual Studio Solution File, Format Version 12.00
# Visual Studio Version 16
VisualStudioVersion = 16.0.30621.155
MinimumVisualStudioVersion = 10.0.40219.1
Project("{FAE04EC0-301F-11D3-BF4B-00C04F79EFBC}") = "ITHDV2Bot", "ITHDV2Bot\ITHDV2Bot.csproj", "{6339C9D1-999F-4461-8939-467EB07D2F04}"
EndProject
Global
	GlobalSection(SolutionConfigurationPlatforms) = preSolution
		Debug|Any CPU = Debug|Any CPU
		Release|Any CPU = Release|Any CPU
	EndGlobalSection
	GlobalSection(ProjectConfigurationPlatforms) = postSolution
		{6339C9D1-999F-4461-8939-467EB07D2F04}.Debug|Any CPU.ActiveCfg = Debug|Any CPU
		{6339C9D1-999F-4461-8939-467EB07D2F04}.Debug|Any CPU.Build.0 = Debug|Any CPU
		{6339C9D1-999F-4461-8939-467EB07D2F04}.Release|Any CPU.ActiveCfg = Release|Any CPU
		{6339C9D1-999F-4461-8939-467EB07D2F04}.Release|Any CPU.Build.0 = Release|Any CPU
	EndGlobalSection
	GlobalSection(SolutionProperties) = preSolution
		HideSolutionNode = FALSE
	EndGlobalSection
	GlobalSection(ExtensibilityGlobals) = postSolution
		SolutionGuid = {BB23501C-C52E-4434-B477-795D70999F9C}
	EndGlobalSection
EndGlobal
